// !$*UTF8*$!
{
	archiveVersion = 1;
	classes = {
	};
	objectVersion = 50;
	objects = {

/* Begin PBXBuildFile section */
		229092DB25E55392004ECDB7 /* AppDelegate.swift in Sources */ = {isa = PBXBuildFile; fileRef = 229092DA25E55392004ECDB7 /* AppDelegate.swift */; };
		229092DD25E55392004ECDB7 /* SceneDelegate.swift in Sources */ = {isa = PBXBuildFile; fileRef = 229092DC25E55392004ECDB7 /* SceneDelegate.swift */; };
		229092DF25E55392004ECDB7 /* LoginViewController.swift in Sources */ = {isa = PBXBuildFile; fileRef = 229092DE25E55392004ECDB7 /* LoginViewController.swift */; };
		229092E225E55392004ECDB7 /* Main.storyboard in Resources */ = {isa = PBXBuildFile; fileRef = 229092E025E55392004ECDB7 /* Main.storyboard */; };
		229092E425E55393004ECDB7 /* Assets.xcassets in Resources */ = {isa = PBXBuildFile; fileRef = 229092E325E55393004ECDB7 /* Assets.xcassets */; };
		229092E725E55393004ECDB7 /* LaunchScreen.storyboard in Resources */ = {isa = PBXBuildFile; fileRef = 229092E525E55393004ECDB7 /* LaunchScreen.storyboard */; };
		22B9242425E67415006DED21 /* Utilities.swift in Sources */ = {isa = PBXBuildFile; fileRef = 22B9242325E67415006DED21 /* Utilities.swift */; };
/* End PBXBuildFile section */

/* Begin PBXFileReference section */
		229092D725E55392004ECDB7 /* uAlert.app */ = {isa = PBXFileReference; explicitFileType = wrapper.application; includeInIndex = 0; path = uAlert.app; sourceTree = BUILT_PRODUCTS_DIR; };
		229092DA25E55392004ECDB7 /* AppDelegate.swift */ = {isa = PBXFileReference; lastKnownFileType = sourcecode.swift; path = AppDelegate.swift; sourceTree = "<group>"; };
		229092DC25E55392004ECDB7 /* SceneDelegate.swift */ = {isa = PBXFileReference; lastKnownFileType = sourcecode.swift; path = SceneDelegate.swift; sourceTree = "<group>"; };
		229092DE25E55392004ECDB7 /* LoginViewController.swift */ = {isa = PBXFileReference; lastKnownFileType = sourcecode.swift; path = LoginViewController.swift; sourceTree = "<group>"; };
		229092E125E55392004ECDB7 /* Base */ = {isa = PBXFileReference; lastKnownFileType = file.storyboard; name = Base; path = Base.lproj/Main.storyboard; sourceTree = "<group>"; };
		229092E325E55393004ECDB7 /* Assets.xcassets */ = {isa = PBXFileReference; lastKnownFileType = folder.assetcatalog; path = Assets.xcassets; sourceTree = "<group>"; };
		229092E625E55393004ECDB7 /* Base */ = {isa = PBXFileReference; lastKnownFileType = file.storyboard; name = Base; path = Base.lproj/LaunchScreen.storyboard; sourceTree = "<group>"; };
		229092E825E55393004ECDB7 /* Info.plist */ = {isa = PBXFileReference; lastKnownFileType = text.plist.xml; path = Info.plist; sourceTree = "<group>"; };
		22B9242325E67415006DED21 /* Utilities.swift */ = {isa = PBXFileReference; lastKnownFileType = sourcecode.swift; path = Utilities.swift; sourceTree = "<group>"; };
/* End PBXFileReference section */

/* Begin PBXFrameworksBuildPhase section */
		229092D425E55392004ECDB7 /* Frameworks */ = {
			isa = PBXFrameworksBuildPhase;
			buildActionMask = 2147483647;
			files = (
			);
			runOnlyForDeploymentPostprocessing = 0;
		};
/* End PBXFrameworksBuildPhase section */

/* Begin PBXGroup section */
		229092CE25E55392004ECDB7 = {
			isa = PBXGroup;
			children = (
				229092D925E55392004ECDB7 /* uAlert */,
				229092D825E55392004ECDB7 /* Products */,
			);
			sourceTree = "<group>";
		};
		229092D825E55392004ECDB7 /* Products */ = {
			isa = PBXGroup;
			children = (
				229092D725E55392004ECDB7 /* uAlert.app */,
			);
			name = Products;
			sourceTree = "<group>";
		};
		229092D925E55392004ECDB7 /* uAlert */ = {
			isa = PBXGroup;
			children = (
				229092DA25E55392004ECDB7 /* AppDelegate.swift */,
				229092DC25E55392004ECDB7 /* SceneDelegate.swift */,
				229092DE25E55392004ECDB7 /* LoginViewController.swift */,
				229092E025E55392004ECDB7 /* Main.storyboard */,
				229092E525E55393004ECDB7 /* LaunchScreen.storyboard */,
				22B9242225E673AD006DED21 /* Supporting Files */,
				229092E825E55393004ECDB7 /* Info.plist */,
			);
			path = uAlert;
			sourceTree = "<group>";
		};
		22B9242225E673AD006DED21 /* Supporting Files */ = {
			isa = PBXGroup;
			children = (
				229092E325E55393004ECDB7 /* Assets.xcassets */,
				22B9242325E67415006DED21 /* Utilities.swift */,
			);
			path = "Supporting Files";
			sourceTree = "<group>";
		};
/* End PBXGroup section */

/* Begin PBXNativeTarget section */
		229092D625E55392004ECDB7 /* uAlert */ = {
			isa = PBXNativeTarget;
			buildConfigurationList = 229092EB25E55393004ECDB7 /* Build configuration list for PBXNativeTarget "uAlert" */;
			buildPhases = (
				229092D325E55392004ECDB7 /* Sources */,
				229092D425E55392004ECDB7 /* Frameworks */,
				229092D525E55392004ECDB7 /* Resources */,
			);
			buildRules = (
			);
			dependencies = (
			);
			name = uAlert;
			productName = uAlert;
			productReference = 229092D725E55392004ECDB7 /* uAlert.app */;
			productType = "com.apple.product-type.application";
		};
/* End PBXNativeTarget section */

/* Begin PBXProject section */
		229092CF25E55392004ECDB7 /* Project object */ = {
			isa = PBXProject;
			attributes = {
				LastSwiftUpdateCheck = 1140;
				LastUpgradeCheck = 1140;
				ORGANIZATIONNAME = "Sucias Colomer, David";
				TargetAttributes = {
					229092D625E55392004ECDB7 = {
						CreatedOnToolsVersion = 11.4.1;
					};
				};
			};
			buildConfigurationList = 229092D225E55392004ECDB7 /* Build configuration list for PBXProject "uAlert" */;
			compatibilityVersion = "Xcode 9.3";
			developmentRegion = en;
			hasScannedForEncodings = 0;
			knownRegions = (
				en,
				Base,
			);
			mainGroup = 229092CE25E55392004ECDB7;
			productRefGroup = 229092D825E55392004ECDB7 /* Products */;
			projectDirPath = "";
			projectRoot = "";
			targets = (
				229092D625E55392004ECDB7 /* uAlert */,
			);
		};
/* End PBXProject section */

/* Begin PBXResourcesBuildPhase section */
		229092D525E55392004ECDB7 /* Resources */ = {
			isa = PBXResourcesBuildPhase;
			buildActionMask = 2147483647;
			files = (
				229092E725E55393004ECDB7 /* LaunchScreen.storyboard in Resources */,
				229092E425E55393004ECDB7 /* Assets.xcassets in Resources */,
				229092E225E55392004ECDB7 /* Main.storyboard in Resources */,
			);
			runOnlyForDeploymentPostprocessing = 0;
		};
/* End PBXResourcesBuildPhase section */

/* Begin PBXSourcesBuildPhase section */
		229092D325E55392004ECDB7 /* Sources */ = {
			isa = PBXSourcesBuildPhase;
			buildActionMask = 2147483647;
			files = (
				229092DF25E55392004ECDB7 /* LoginViewController.swift in Sources */,
				229092DB25E55392004ECDB7 /* AppDelegate.swift in Sources */,
				22B9242425E67415006DED21 /* Utilities.swift in Sources */,
				229092DD25E55392004ECDB7 /* SceneDelegate.swift in Sources */,
			);
			runOnlyForDeploymentPostprocessing = 0;
		};
/* End PBXSourcesBuildPhase section */

/* Begin PBXVariantGroup section */
		229092E025E55392004ECDB7 /* Main.storyboard */ = {
			isa = PBXVariantGroup;
			children = (
				229092E125E55392004ECDB7 /* Base */,
			);
			name = Main.storyboard;
			sourceTree = "<group>";
		};
		229092E525E55393004ECDB7 /* LaunchScreen.storyboard */ = {
			isa = PBXVariantGroup;
			children = (
				229092E625E55393004ECDB7 /* Base */,
			);
			name = LaunchScreen.storyboard;
			sourceTree = "<group>";
		};
/* End PBXVariantGroup section */

/* Begin XCBuildConfiguration section */
		229092E925E55393004ECDB7 /* Debug */ = {
			isa = XCBuildConfiguration;
			buildSettings = {
				ALWAYS_SEARCH_USER_PATHS = NO;
				CLANG_ANALYZER_NONNULL = YES;
				CLANG_ANALYZER_NUMBER_OBJECT_CONVERSION = YES_AGGRESSIVE;
				CLANG_CXX_LANGUAGE_STANDARD = "gnu++14";
				CLANG_CXX_LIBRARY = "libc++";
				CLANG_ENABLE_MODULES = YES;
				CLANG_ENABLE_OBJC_ARC = YES;
				CLANG_ENABLE_OBJC_WEAK = YES;
				CLANG_WARN_BLOCK_CAPTURE_AUTORELEASING = YES;
				CLANG_WARN_BOOL_CONVERSION = YES;
				CLANG_WARN_COMMA = YES;
				CLANG_WARN_CONSTANT_CONVERSION = YES;
				CLANG_WARN_DEPRECATED_OBJC_IMPLEMENTATIONS = YES;
				CLANG_WARN_DIRECT_OBJC_ISA_USAGE = YES_ERROR;
				CLANG_WARN_DOCUMENTATION_COMMENTS = YES;
				CLANG_WARN_EMPTY_BODY = YES;
				CLANG_WARN_ENUM_CONVERSION = YES;
				CLANG_WARN_INFINITE_RECURSION = YES;
				CLANG_WARN_INT_CONVERSION = YES;
				CLANG_WARN_NON_LITERAL_NULL_CONVERSION = YES;
				CLANG_WARN_OBJC_IMPLICIT_RETAIN_SELF = YES;
				CLANG_WARN_OBJC_LITERAL_CONVERSION = YES;
				CLANG_WARN_OBJC_ROOT_CLASS = YES_ERROR;
				CLANG_WARN_RANGE_LOOP_ANALYSIS = YES;
				CLANG_WARN_STRICT_PROTOTYPES = YES;
				CLANG_WARN_SUSPICIOUS_MOVE = YES;
				CLANG_WARN_UNGUARDED_AVAILABILITY = YES_AGGRESSIVE;
				CLANG_WARN_UNREACHABLE_CODE = YES;
				CLANG_WARN__DUPLICATE_METHOD_MATCH = YES;
				COPY_PHASE_STRIP = NO;
				DEBUG_INFORMATION_FORMAT = dwarf;
				ENABLE_STRICT_OBJC_MSGSEND = YES;
				ENABLE_TESTABILITY = YES;
				GCC_C_LANGUAGE_STANDARD = gnu11;
				GCC_DYNAMIC_NO_PIC = NO;
				GCC_NO_COMMON_BLOCKS = YES;
				GCC_OPTIMIZATION_LEVEL = 0;
				GCC_PREPROCESSOR_DEFINITIONS = (
					"DEBUG=1",
					"$(inherited)",
				);
				GCC_WARN_64_TO_32_BIT_CONVERSION = YES;
				GCC_WARN_ABOUT_RETURN_TYPE = YES_ERROR;
				GCC_WARN_UNDECLARED_SELECTOR = YES;
				GCC_WARN_UNINITIALIZED_AUTOS = YES_AGGRESSIVE;
				GCC_WARN_UNUSED_FUNCTION = YES;
				GCC_WARN_UNUSED_VARIABLE = YES;
				IPHONEOS_DEPLOYMENT_TARGET = 13.4;
				MTL_ENABLE_DEBUG_INFO = INCLUDE_SOURCE;
				MTL_FAST_MATH = YES;
				ONLY_ACTIVE_ARCH = YES;
				SDKROOT = iphoneos;
				SWIFT_ACTIVE_COMPILATION_CONDITIONS = DEBUG;
				SWIFT_OPTIMIZATION_LEVEL = "-Onone";
			};
			name = Debug;
		};
		229092EA25E55393004ECDB7 /* Release */ = {
			isa = XCBuildConfiguration;
			buildSettings = {
				ALWAYS_SEARCH_USER_PATHS = NO;
				CLANG_ANALYZER_NONNULL = YES;
				CLANG_ANALYZER_NUMBER_OBJECT_CONVERSION = YES_AGGRESSIVE;
				CLANG_CXX_LANGUAGE_STANDARD = "gnu++14";
				CLANG_CXX_LIBRARY = "libc++";
				CLANG_ENABLE_MODULES = YES;
				CLANG_ENABLE_OBJC_ARC = YES;
				CLANG_ENABLE_OBJC_WEAK = YES;
				CLANG_WARN_BLOCK_CAPTURE_AUTORELEASING = YES;
				CLANG_WARN_BOOL_CONVERSION = YES;
				CLANG_WARN_COMMA = YES;
				CLANG_WARN_CONSTANT_CONVERSION = YES;
				CLANG_WARN_DEPRECATED_OBJC_IMPLEMENTATIONS = YES;
				CLANG_WARN_DIRECT_OBJC_ISA_USAGE = YES_ERROR;
				CLANG_WARN_DOCUMENTATION_COMMENTS = YES;
				CLANG_WARN_EMPTY_BODY = YES;
				CLANG_WARN_ENUM_CONVERSION = YES;
				CLANG_WARN_INFINITE_RECURSION = YES;
				CLANG_WARN_INT_CONVERSION = YES;
				CLANG_WARN_NON_LITERAL_NULL_CONVERSION = YES;
				CLANG_WARN_OBJC_IMPLICIT_RETAIN_SELF = YES;
				CLANG_WARN_OBJC_LITERAL_CONVERSION = YES;
				CLANG_WARN_OBJC_ROOT_CLASS = YES_ERROR;
				CLANG_WARN_RANGE_LOOP_ANALYSIS = YES;
				CLANG_WARN_STRICT_PROTOTYPES = YES;
				CLANG_WARN_SUSPICIOUS_MOVE = YES;
				CLANG_WARN_UNGUARDED_AVAILABILITY = YES_AGGRESSIVE;
				CLANG_WARN_UNREACHABLE_CODE = YES;
				CLANG_WARN__DUPLICATE_METHOD_MATCH = YES;
				COPY_PHASE_STRIP = NO;
				DEBUG_INFORMATION_FORMAT = "dwarf-with-dsym";
				ENABLE_NS_ASSERTIONS = NO;
				ENABLE_STRICT_OBJC_MSGSEND = YES;
				GCC_C_LANGUAGE_STANDARD = gnu11;
				GCC_NO_COMMON_BLOCKS = YES;
				GCC_WARN_64_TO_32_BIT_CONVERSION = YES;
				GCC_WARN_ABOUT_RETURN_TYPE = YES_ERROR;
				GCC_WARN_UNDECLARED_SELECTOR = YES;
				GCC_WARN_UNINITIALIZED_AUTOS = YES_AGGRESSIVE;
				GCC_WARN_UNUSED_FUNCTION = YES;
				GCC_WARN_UNUSED_VARIABLE = YES;
				IPHONEOS_DEPLOYMENT_TARGET = 13.4;
				MTL_ENABLE_DEBUG_INFO = NO;
				MTL_FAST_MATH = YES;
				SDKROOT = iphoneos;
				SWIFT_COMPILATION_MODE = wholemodule;
				SWIFT_OPTIMIZATION_LEVEL = "-O";
				VALIDATE_PRODUCT = YES;
			};
			name = Release;
		};
		229092EC25E55393004ECDB7 /* Debug */ = {
			isa = XCBuildConfiguration;
			buildSettings = {
				ASSETCATALOG_COMPILER_APPICON_NAME = AppIcon;
				CODE_SIGN_STYLE = Automatic;
				DEVELOPMENT_TEAM = 4TDUMW6F22;
				INFOPLIST_FILE = uAlert/Info.plist;
				LD_RUNPATH_SEARCH_PATHS = (
					"$(inherited)",
					"@executable_path/Frameworks",
				);
				PRODUCT_BUNDLE_IDENTIFIER = com.DDSS.uAlert;
				PRODUCT_NAME = "$(TARGET_NAME)";
				SWIFT_VERSION = 5.0;
				TARGETED_DEVICE_FAMILY = "1,2";
			};
			name = Debug;
		};
		229092ED25E55393004ECDB7 /* Release */ = {
			isa = XCBuildConfiguration;
			buildSettings = {
				ASSETCATALOG_COMPILER_APPICON_NAME = AppIcon;
				CODE_SIGN_STYLE = Automatic;
				DEVELOPMENT_TEAM = 4TDUMW6F22;
				INFOPLIST_FILE = uAlert/Info.plist;
				LD_RUNPATH_SEARCH_PATHS = (
					"$(inherited)",
					"@executable_path/Frameworks",
				);
				PRODUCT_BUNDLE_IDENTIFIER = com.DDSS.uAlert;
				PRODUCT_NAME = "$(TARGET_NAME)";
				SWIFT_VERSION = 5.0;
				TARGETED_DEVICE_FAMILY = "1,2";
			};
			name = Release;
		};
/* End XCBuildConfiguration section */

/* Begin XCConfigurationList section */
		229092D225E55392004ECDB7 /* Build configuration list for PBXProject "uAlert" */ = {
			isa = XCConfigurationList;
			buildConfigurations = (
				229092E925E55393004ECDB7 /* Debug */,
				229092EA25E55393004ECDB7 /* Release */,
			);
			defaultConfigurationIsVisible = 0;
			defaultConfigurationName = Release;
		};
		229092EB25E55393004ECDB7 /* Build configuration list for PBXNativeTarget "uAlert" */ = {
			isa = XCConfigurationList;
			buildConfigurations = (
				229092EC25E55393004ECDB7 /* Debug */,
				229092ED25E55393004ECDB7 /* Release */,
			);
			defaultConfigurationIsVisible = 0;
			defaultConfigurationName = Release;
		};
/* End XCConfigurationList section */
	};
	rootObject = 229092CF25E55392004ECDB7 /* Project object */;
}
